
Microsoft Visual Studio Solution File, Format Version 10.00
# Visual Studio 2008
Project("{8BC9CEB8-8B4A-11D0-8D11-00A0C91BC942}") = "MisaGuitar", "MisaGuitar.vcproj", "{08382DF6-C4A6-475D-83CF-2030399420F8}"
	ProjectSection(ProjectDependencies) = postProject
		{4EC21AB2-CC5D-4FAB-A0FC-6343863F8C25} = {4EC21AB2-CC5D-4FAB-A0FC-6343863F8C25}
	EndProjectSection
EndProject
Project("{8BC9CEB8-8B4A-11D0-8D11-00A0C91BC942}") = "ucGUI_WIN_LIB", "ucGUI_WIN_LIB\ucGUI_WIN_LIB.vcproj", "{4EC21AB2-CC5D-4FAB-A0FC-6343863F8C25}"
EndProject
Global
	GlobalSection(SolutionConfigurationPlatforms) = preSolution
		Debug|Win32 = Debug|Win32
		Release|Win32 = Release|Win32
	EndGlobalSection
	GlobalSection(ProjectConfigurationPlatforms) = postSolution
		{08382DF6-C4A6-475D-83CF-2030399420F8}.Debug|Win32.ActiveCfg = Debug|Win32
		{08382DF6-C4A6-475D-83CF-2030399420F8}.Debug|Win32.Build.0 = Debug|Win32
		{08382DF6-C4A6-475D-83CF-2030399420F8}.Release|Win32.ActiveCfg = Release|Win32
		{08382DF6-C4A6-475D-83CF-2030399420F8}.Release|Win32.Build.0 = Release|Win32
		{4EC21AB2-CC5D-4FAB-A0FC-6343863F8C25}.Debug|Win32.ActiveCfg = Debug|Win32
		{4EC21AB2-CC5D-4FAB-A0FC-6343863F8C25}.Debug|Win32.Build.0 = Debug|Win32
		{4EC21AB2-CC5D-4FAB-A0FC-6343863F8C25}.Release|Win32.ActiveCfg = Release|Win32
		{4EC21AB2-CC5D-4FAB-A0FC-6343863F8C25}.Release|Win32.Build.0 = Release|Win32
	EndGlobalSection
	GlobalSection(SolutionProperties) = preSolution
		HideSolutionNode = FALSE
	EndGlobalSection
EndGlobal
